PODS:
  - AEPAssurance (3.1.2):
    - AEPCore (>= 3.9.0)
    - AEPServices (>= 3.9.0)
  - AEPCore (3.9.0):
    - AEPRulesEngine (>= 1.2.3)
    - AEPServices (>= 3.9.0)
  - AEPEdge (1.6.0):
    - AEPCore (>= 3.7.0)
    - AEPEdgeIdentity (>= 1.2.0)
  - AEPEdgeBridge (1.0.0):
    - AEPCore (>= 3.5.0)
  - AEPEdgeConsent (1.1.0):
    - AEPCore (>= 3.7.0)
    - AEPEdge (>= 1.6.0)
  - AEPEdgeIdentity (1.2.0):
    - AEPCore (>= 3.7.0)
  - AEPIdentity (3.9.0):
    - AEPCore (>= 3.9.0)
  - AEPLifecycle (3.9.0):
    - AEPCore (>= 3.9.0)
  - AEPMessaging (1.1.4):
    - AEPCore (>= 3.8.1)
    - AEPEdge (>= 1.5.0)
    - AEPEdgeIdentity (>= 1.1.0)
    - AEPServices (>= 3.8.1)
  - AEPRulesEngine (4.0.0)
  - AEPServices (4.0.0)
  - AEPSignal (3.9.0):
    - AEPCore (>= 3.9.0)
  - AEPUserProfile (3.0.1):
    - AEPCore
  - Flutter (1.0.0)
  - flutter_aepassurance (2.0.0):
    - AEPAssurance (~> 3.0)
    - Flutter
  - flutter_aepcore (2.0.0):
    - AEPCore (~> 3.0)
    - AEPIdentity (~> 3.0)
    - AEPLifecycle (~> 3.0)
    - AEPSignal (~> 3.0)
    - Flutter
  - flutter_aepedge (2.0.0):
    - AEPEdge (~> 1.0)
    - Flutter
  - flutter_aepedgebridge (1.0.0):
    - AEPEdgeBridge (~> 1.0)
    - Flutter
  - flutter_aepedgeconsent (2.0.0):
    - AEPEdgeConsent (~> 1.0)
    - Flutter
  - flutter_aepedgeidentity (2.0.0):
    - AEPEdgeIdentity (~> 1.0)
    - Flutter
  - flutter_aepmessaging (1.0.0):
    - AEPCore (~> 3.0)
    - AEPMessaging (~> 1.1)
    - Flutter
  - flutter_aepuserprofile (1.0.0):
    - AEPUserProfile (~> 3.0)
    - Flutter

DEPENDENCIES:
  - Flutter (from `Flutter`)
  - flutter_aepassurance (from `.symlinks/plugins/flutter_aepassurance/ios`)
  - flutter_aepcore (from `.symlinks/plugins/flutter_aepcore/ios`)
  - flutter_aepedge (from `.symlinks/plugins/flutter_aepedge/ios`)
  - flutter_aepedgebridge (from `.symlinks/plugins/flutter_aepedgebridge/ios`)
  - flutter_aepedgeconsent (from `.symlinks/plugins/flutter_aepedgeconsent/ios`)
  - flutter_aepedgeidentity (from `.symlinks/plugins/flutter_aepedgeidentity/ios`)
  - flutter_aepmessaging (from `.symlinks/plugins/flutter_aepmessaging/ios`)
  - flutter_aepuserprofile (from `.symlinks/plugins/flutter_aepuserprofile/ios`)

SPEC REPOS:
  trunk:
    - AEPAssurance
    - AEPCore
    - AEPEdge
    - AEPEdgeBridge
    - AEPEdgeConsent
    - AEPEdgeIdentity
    - AEPIdentity
    - AEPLifecycle
    - AEPMessaging
    - AEPRulesEngine
    - AEPServices
    - AEPSignal
    - AEPUserProfile

EXTERNAL SOURCES:
  Flutter:
    :path: Flutter
  flutter_aepassurance:
    :path: ".symlinks/plugins/flutter_aepassurance/ios"
  flutter_aepcore:
    :path: ".symlinks/plugins/flutter_aepcore/ios"
  flutter_aepedge:
    :path: ".symlinks/plugins/flutter_aepedge/ios"
  flutter_aepedgebridge:
    :path: ".symlinks/plugins/flutter_aepedgebridge/ios"
  flutter_aepedgeconsent:
    :path: ".symlinks/plugins/flutter_aepedgeconsent/ios"
  flutter_aepedgeidentity:
    :path: ".symlinks/plugins/flutter_aepedgeidentity/ios"
  flutter_aepmessaging:
    :path: ".symlinks/plugins/flutter_aepmessaging/ios"
  flutter_aepuserprofile:
    :path: ".symlinks/plugins/flutter_aepuserprofile/ios"

SPEC CHECKSUMS:
  AEPAssurance: 694bc2bca10e15bd33542bb6ae4549abee46d85d
  AEPCore: 7c1d0a9465e2d27a8d2bd68afb3185d72c1ed27b
  AEPEdge: e4364a56d358c517f7d4cef87570ac4e7652d3a2
  AEPEdgeBridge: de9813a9d8f44ee09f57240ab7626570d23fcd5f
  AEPEdgeConsent: d10d4232615b880d484050edf47b2e3fbfb787bb
  AEPEdgeIdentity: 6bb2c1e62d48cdc988b4d492e8e6d563f0ced73d
  AEPIdentity: efcd67b2a130cf47ddd927288db2896768a727d8
  AEPLifecycle: f84b5e7ebb443309475df19f77ac6ebcdabd6a66
  AEPMessaging: bc711037b3989843f925649874225f8f3a4d8462
  AEPRulesEngine: 458450a34922823286ead045a0c2bd8c27e224c6
  AEPServices: ca493988df250d84fda050124ff7549bcc43c65f
  AEPSignal: 5e3f2d6f2e57535adbf50f1263841228b68256c8
  AEPUserProfile: 2ddb5ba8e2c22dd8f942992306b050f4be2c2403
  Flutter: f04841e97a9d0b0a8025694d0796dd46242b2854
  flutter_aepassurance: 048d675c5a20b4e5cbca20c953cbf5ada6f9c535
  flutter_aepcore: cafe3177ed9fdb4860253bd9532e9827648b061b
  flutter_aepedge: e6d68dd65576db0725d46ac7f1f1fa87f5810762
  flutter_aepedgebridge: c670ee367e9de93bfa5d7c090c72df7d0aa785c7
  flutter_aepedgeconsent: bb1b650a4378e2da1b34ba875fa410e95f6af037
  flutter_aepedgeidentity: 89fb5d4b70b9251fa49a8530f60653f6c0eed625
  flutter_aepmessaging: 211dfeba014d1c22f5e658bd9c293352646e4dfd
  flutter_aepuserprofile: 95d28442c7ba16b14b275812ad489376ef8c8b47

PODFILE CHECKSUM: ef19549a9bc3046e7bb7d2fab4d021637c0c58a3

COCOAPODS: 1.11.3
